
Microsoft Visual Studio Solution File, Format Version 12.00
# Visual Studio Version 17
VisualStudioVersion = 17.7.34031.279
MinimumVisualStudioVersion = 10.0.40219.1
Project("{FAE04EC0-301F-11D3-BF4B-00C04F79EFBC}") = "DLL vs EXE in DotNET", "DLL vs EXE in DotNET\DLL vs EXE in DotNET.csproj", "{0E9655C2-EDCA-4BA8-B371-620D976CF03A}"
EndProject
Global
	GlobalSection(SolutionConfigurationPlatforms) = preSolution
		Debug|Any CPU = Debug|Any CPU
		Release|Any CPU = Release|Any CPU
	EndGlobalSection
	GlobalSection(ProjectConfigurationPlatforms) = postSolution
		{0E9655C2-EDCA-4BA8-B371-620D976CF03A}.Debug|Any CPU.ActiveCfg = Debug|Any CPU
		{0E9655C2-EDCA-4BA8-B371-620D976CF03A}.Debug|Any CPU.Build.0 = Debug|Any CPU
		{0E9655C2-EDCA-4BA8-B371-620D976CF03A}.Release|Any CPU.ActiveCfg = Release|Any CPU
		{0E9655C2-EDCA-4BA8-B371-620D976CF03A}.Release|Any CPU.Build.0 = Release|Any CPU
	EndGlobalSection
	GlobalSection(SolutionProperties) = preSolution
		HideSolutionNode = FALSE
	EndGlobalSection
	GlobalSection(ExtensibilityGlobals) = postSolution
		SolutionGuid = {C3DD33C4-148A-46B1-B562-0AAF84506424}
	EndGlobalSection
EndGlobal
